
Microsoft Visual Studio Solution File, Format Version 12.00
# Visual Studio 15
VisualStudioVersion = 15.0.27004.2010
MinimumVisualStudioVersion = 10.0.40219.1
Project("{9A19103F-16F7-4668-BE54-9A1E7A4F7556}") = "DotNetCore2", "WebApplication4\DotNetCore2.csproj", "{895194B2-FF15-4734-87C8-D737BDA8F545}"
EndProject
Project("{FAE04EC0-301F-11D3-BF4B-00C04F79EFBC}") = "MVC5Application", "WebApplication1\MVC5Application.csproj", "{9FDC200C-D314-43A8-9B1E-F024E1861CDD}"
EndProject
Project("{FAE04EC0-301F-11D3-BF4B-00C04F79EFBC}") = "MVC5WithWebAPI", "WebApplication2\MVC5WithWebAPI.csproj", "{6D9F87BE-EC61-42D5-B81D-F856E32C907E}"
EndProject
Project("{FAE04EC0-301F-11D3-BF4B-00C04F79EFBC}") = "WebFormApplication", "WebFormApplication\WebFormApplication.csproj", "{8E37AEB2-4CFA-4C27-94C3-5B49E5C4C486}"
EndProject
Project("{FAE04EC0-301F-11D3-BF4B-00C04F79EFBC}") = "ConsoleApp1", "ConsoleApp1\ConsoleApp1.csproj", "{937249BD-E136-4CE3-8E70-8DF8C205DAC8}"
EndProject
Project("{FAE04EC0-301F-11D3-BF4B-00C04F79EFBC}") = "WebApplication3", "WebApplication3\WebApplication3.csproj", "{3771BF2D-D279-4457-B5ED-2FB4FDDF32AC}"
EndProject
Global
	GlobalSection(SolutionConfigurationPlatforms) = preSolution
		Debug|Any CPU = Debug|Any CPU
		Release|Any CPU = Release|Any CPU
	EndGlobalSection
	GlobalSection(ProjectConfigurationPlatforms) = postSolution
		{895194B2-FF15-4734-87C8-D737BDA8F545}.Debug|Any CPU.ActiveCfg = Debug|Any CPU
		{895194B2-FF15-4734-87C8-D737BDA8F545}.Debug|Any CPU.Build.0 = Debug|Any CPU
		{895194B2-FF15-4734-87C8-D737BDA8F545}.Release|Any CPU.ActiveCfg = Release|Any CPU
		{895194B2-FF15-4734-87C8-D737BDA8F545}.Release|Any CPU.Build.0 = Release|Any CPU
		{9FDC200C-D314-43A8-9B1E-F024E1861CDD}.Debug|Any CPU.ActiveCfg = Debug|Any CPU
		{9FDC200C-D314-43A8-9B1E-F024E1861CDD}.Debug|Any CPU.Build.0 = Debug|Any CPU
		{9FDC200C-D314-43A8-9B1E-F024E1861CDD}.Release|Any CPU.ActiveCfg = Release|Any CPU
		{9FDC200C-D314-43A8-9B1E-F024E1861CDD}.Release|Any CPU.Build.0 = Release|Any CPU
		{6D9F87BE-EC61-42D5-B81D-F856E32C907E}.Debug|Any CPU.ActiveCfg = Debug|Any CPU
		{6D9F87BE-EC61-42D5-B81D-F856E32C907E}.Debug|Any CPU.Build.0 = Debug|Any CPU
		{6D9F87BE-EC61-42D5-B81D-F856E32C907E}.Release|Any CPU.ActiveCfg = Release|Any CPU
		{6D9F87BE-EC61-42D5-B81D-F856E32C907E}.Release|Any CPU.Build.0 = Release|Any CPU
		{8E37AEB2-4CFA-4C27-94C3-5B49E5C4C486}.Debug|Any CPU.ActiveCfg = Debug|Any CPU
		{8E37AEB2-4CFA-4C27-94C3-5B49E5C4C486}.Debug|Any CPU.Build.0 = Debug|Any CPU
		{8E37AEB2-4CFA-4C27-94C3-5B49E5C4C486}.Release|Any CPU.ActiveCfg = Release|Any CPU
		{8E37AEB2-4CFA-4C27-94C3-5B49E5C4C486}.Release|Any CPU.Build.0 = Release|Any CPU
		{937249BD-E136-4CE3-8E70-8DF8C205DAC8}.Debug|Any CPU.ActiveCfg = Debug|Any CPU
		{937249BD-E136-4CE3-8E70-8DF8C205DAC8}.Debug|Any CPU.Build.0 = Debug|Any CPU
		{937249BD-E136-4CE3-8E70-8DF8C205DAC8}.Release|Any CPU.ActiveCfg = Release|Any CPU
		{937249BD-E136-4CE3-8E70-8DF8C205DAC8}.Release|Any CPU.Build.0 = Release|Any CPU
		{3771BF2D-D279-4457-B5ED-2FB4FDDF32AC}.Debug|Any CPU.ActiveCfg = Debug|Any CPU
		{3771BF2D-D279-4457-B5ED-2FB4FDDF32AC}.Debug|Any CPU.Build.0 = Debug|Any CPU
		{3771BF2D-D279-4457-B5ED-2FB4FDDF32AC}.Release|Any CPU.ActiveCfg = Release|Any CPU
		{3771BF2D-D279-4457-B5ED-2FB4FDDF32AC}.Release|Any CPU.Build.0 = Release|Any CPU
	EndGlobalSection
	GlobalSection(SolutionProperties) = preSolution
		HideSolutionNode = FALSE
	EndGlobalSection
	GlobalSection(ExtensibilityGlobals) = postSolution
		SolutionGuid = {25C4A3A3-38D7-4C82-91E6-75A9A507279B}
	EndGlobalSection
EndGlobal
